// !$*UTF8*$!
{
	archiveVersion = 1;
	classes = {
	};
	objectVersion = 48;
	objects = {

/* Begin PBXBuildFile section */
		1127CAAB2072B0A300F8A9BC /* EmojiArt.swift in Sources */ = {isa = PBXBuildFile; fileRef = 1127CAAA2072B0A300F8A9BC /* EmojiArt.swift */; };
		11EF188D206C114700126D75 /* TextFieldCollectionViewCell.swift in Sources */ = {isa = PBXBuildFile; fileRef = 11EF188C206C114700126D75 /* TextFieldCollectionViewCell.swift */; };
		FBBE700B20644C93001F3018 /* AppDelegate.swift in Sources */ = {isa = PBXBuildFile; fileRef = FBBE700A20644C93001F3018 /* AppDelegate.swift */; };
		FBBE701020644C93001F3018 /* Main.storyboard in Resources */ = {isa = PBXBuildFile; fileRef = FBBE700E20644C93001F3018 /* Main.storyboard */; };
		FBBE701220644C93001F3018 /* Assets.xcassets in Resources */ = {isa = PBXBuildFile; fileRef = FBBE701120644C93001F3018 /* Assets.xcassets */; };
		FBBE701520644C93001F3018 /* LaunchScreen.storyboard in Resources */ = {isa = PBXBuildFile; fileRef = FBBE701320644C93001F3018 /* LaunchScreen.storyboard */; };
		FBBE701E2064508B001F3018 /* EmojiArtViewController.swift in Sources */ = {isa = PBXBuildFile; fileRef = FBBE701D2064508B001F3018 /* EmojiArtViewController.swift */; };
		FBBE7020206450D1001F3018 /* EmojiArtView.swift in Sources */ = {isa = PBXBuildFile; fileRef = FBBE701F206450D1001F3018 /* EmojiArtView.swift */; };
		FBBE702420657732001F3018 /* ImageFetcher.swift in Sources */ = {isa = PBXBuildFile; fileRef = FBBE702320657732001F3018 /* ImageFetcher.swift */; };
		FBBE7026206590B3001F3018 /* EmojiArtTableViewController.swift in Sources */ = {isa = PBXBuildFile; fileRef = FBBE7025206590B3001F3018 /* EmojiArtTableViewController.swift */; };
		FBBE702A20697C2E001F3018 /* EmojiCollectionViewCell.swift in Sources */ = {isa = PBXBuildFile; fileRef = FBBE702920697C2E001F3018 /* EmojiCollectionViewCell.swift */; };
		FBBE702C206A9DEF001F3018 /* EmojiArtView+Gestures.swift in Sources */ = {isa = PBXBuildFile; fileRef = FBBE702B206A9DEE001F3018 /* EmojiArtView+Gestures.swift */; };
/* End PBXBuildFile section */

/* Begin PBXFileReference section */
		1127CAAA2072B0A300F8A9BC /* EmojiArt.swift */ = {isa = PBXFileReference; lastKnownFileType = sourcecode.swift; path = EmojiArt.swift; sourceTree = "<group>"; };
		11EF188C206C114700126D75 /* TextFieldCollectionViewCell.swift */ = {isa = PBXFileReference; lastKnownFileType = sourcecode.swift; path = TextFieldCollectionViewCell.swift; sourceTree = "<group>"; };
		FBBE700720644C93001F3018 /* EmojiArt.app */ = {isa = PBXFileReference; explicitFileType = wrapper.application; includeInIndex = 0; path = EmojiArt.app; sourceTree = BUILT_PRODUCTS_DIR; };
		FBBE700A20644C93001F3018 /* AppDelegate.swift */ = {isa = PBXFileReference; lastKnownFileType = sourcecode.swift; path = AppDelegate.swift; sourceTree = "<group>"; };
		FBBE700F20644C93001F3018 /* Base */ = {isa = PBXFileReference; lastKnownFileType = file.storyboard; name = Base; path = Base.lproj/Main.storyboard; sourceTree = "<group>"; };
		FBBE701120644C93001F3018 /* Assets.xcassets */ = {isa = PBXFileReference; lastKnownFileType = folder.assetcatalog; path = Assets.xcassets; sourceTree = "<group>"; };
		FBBE701420644C93001F3018 /* Base */ = {isa = PBXFileReference; lastKnownFileType = file.storyboard; name = Base; path = Base.lproj/LaunchScreen.storyboard; sourceTree = "<group>"; };
		FBBE701620644C93001F3018 /* Info.plist */ = {isa = PBXFileReference; lastKnownFileType = text.plist.xml; path = Info.plist; sourceTree = "<group>"; };
		FBBE701D2064508B001F3018 /* EmojiArtViewController.swift */ = {isa = PBXFileReference; lastKnownFileType = sourcecode.swift; path = EmojiArtViewController.swift; sourceTree = "<group>"; };
		FBBE701F206450D1001F3018 /* EmojiArtView.swift */ = {isa = PBXFileReference; lastKnownFileType = sourcecode.swift; path = EmojiArtView.swift; sourceTree = "<group>"; };
		FBBE702320657732001F3018 /* ImageFetcher.swift */ = {isa = PBXFileReference; lastKnownFileType = sourcecode.swift; path = ImageFetcher.swift; sourceTree = "<group>"; };
		FBBE7025206590B3001F3018 /* EmojiArtTableViewController.swift */ = {isa = PBXFileReference; lastKnownFileType = sourcecode.swift; path = EmojiArtTableViewController.swift; sourceTree = "<group>"; };
		FBBE702920697C2E001F3018 /* EmojiCollectionViewCell.swift */ = {isa = PBXFileReference; lastKnownFileType = sourcecode.swift; path = EmojiCollectionViewCell.swift; sourceTree = "<group>"; };
		FBBE702B206A9DEE001F3018 /* EmojiArtView+Gestures.swift */ = {isa = PBXFileReference; fileEncoding = 4; lastKnownFileType = sourcecode.swift; path = "EmojiArtView+Gestures.swift"; sourceTree = "<group>"; };
/* End PBXFileReference section */

/* Begin PBXFrameworksBuildPhase section */
		FBBE700420644C93001F3018 /* Frameworks */ = {
			isa = PBXFrameworksBuildPhase;
			buildActionMask = 2147483647;
			files = (
			);
			runOnlyForDeploymentPostprocessing = 0;
		};
/* End PBXFrameworksBuildPhase section */

/* Begin PBXGroup section */
		FBBE6FFE20644C93001F3018 = {
			isa = PBXGroup;
			children = (
				FBBE700920644C93001F3018 /* EmojiArt */,
				FBBE700820644C93001F3018 /* Products */,
			);
			sourceTree = "<group>";
		};
		FBBE700820644C93001F3018 /* Products */ = {
			isa = PBXGroup;
			children = (
				FBBE700720644C93001F3018 /* EmojiArt.app */,
			);
			name = Products;
			sourceTree = "<group>";
		};
		FBBE700920644C93001F3018 /* EmojiArt */ = {
			isa = PBXGroup;
			children = (
				FBBE701D2064508B001F3018 /* EmojiArtViewController.swift */,
				1127CAAA2072B0A300F8A9BC /* EmojiArt.swift */,
				11EF188C206C114700126D75 /* TextFieldCollectionViewCell.swift */,
				FBBE702920697C2E001F3018 /* EmojiCollectionViewCell.swift */,
				FBBE7025206590B3001F3018 /* EmojiArtTableViewController.swift */,
				FBBE701F206450D1001F3018 /* EmojiArtView.swift */,
				FBBE702B206A9DEE001F3018 /* EmojiArtView+Gestures.swift */,
				FBBE702320657732001F3018 /* ImageFetcher.swift */,
				FBBE700E20644C93001F3018 /* Main.storyboard */,
				FBBE701C20645042001F3018 /* Supporting Files */,
				FBBE701620644C93001F3018 /* Info.plist */,
			);
			path = EmojiArt;
			sourceTree = "<group>";
		};
		FBBE701C20645042001F3018 /* Supporting Files */ = {
			isa = PBXGroup;
			children = (
				FBBE700A20644C93001F3018 /* AppDelegate.swift */,
				FBBE701120644C93001F3018 /* Assets.xcassets */,
				FBBE701320644C93001F3018 /* LaunchScreen.storyboard */,
			);
			path = "Supporting Files";
			sourceTree = "<group>";
		};
/* End PBXGroup section */

/* Begin PBXNativeTarget section */
		FBBE700620644C93001F3018 /* EmojiArt */ = {
			isa = PBXNativeTarget;
			buildConfigurationList = FBBE701920644C93001F3018 /* Build configuration list for PBXNativeTarget "EmojiArt" */;
			buildPhases = (
				FBBE700320644C93001F3018 /* Sources */,
				FBBE700420644C93001F3018 /* Frameworks */,
				FBBE700520644C93001F3018 /* Resources */,
			);
			buildRules = (
			);
			dependencies = (
			);
			name = EmojiArt;
			productName = EmojiArt;
			productReference = FBBE700720644C93001F3018 /* EmojiArt.app */;
			productType = "com.apple.product-type.application";
		};
/* End PBXNativeTarget section */

/* Begin PBXProject section */
		FBBE6FFF20644C93001F3018 /* Project object */ = {
			isa = PBXProject;
			attributes = {
				LastSwiftUpdateCheck = 0920;
				LastUpgradeCheck = 0920;
				ORGANIZATIONNAME = Shannon;
				TargetAttributes = {
					FBBE700620644C93001F3018 = {
						CreatedOnToolsVersion = 9.2;
						ProvisioningStyle = Automatic;
					};
				};
			};
			buildConfigurationList = FBBE700220644C93001F3018 /* Build configuration list for PBXProject "EmojiArt" */;
			compatibilityVersion = "Xcode 8.0";
			developmentRegion = en;
			hasScannedForEncodings = 0;
			knownRegions = (
				en,
				Base,
			);
			mainGroup = FBBE6FFE20644C93001F3018;
			productRefGroup = FBBE700820644C93001F3018 /* Products */;
			projectDirPath = "";
			projectRoot = "";
			targets = (
				FBBE700620644C93001F3018 /* EmojiArt */,
			);
		};
/* End PBXProject section */

/* Begin PBXResourcesBuildPhase section */
		FBBE700520644C93001F3018 /* Resources */ = {
			isa = PBXResourcesBuildPhase;
			buildActionMask = 2147483647;
			files = (
				FBBE701520644C93001F3018 /* LaunchScreen.storyboard in Resources */,
				FBBE701220644C93001F3018 /* Assets.xcassets in Resources */,
				FBBE701020644C93001F3018 /* Main.storyboard in Resources */,
			);
			runOnlyForDeploymentPostprocessing = 0;
		};
/* End PBXResourcesBuildPhase section */

/* Begin PBXSourcesBuildPhase section */
		FBBE700320644C93001F3018 /* Sources */ = {
			isa = PBXSourcesBuildPhase;
			buildActionMask = 2147483647;
			files = (
				1127CAAB2072B0A300F8A9BC /* EmojiArt.swift in Sources */,
				FBBE702420657732001F3018 /* ImageFetcher.swift in Sources */,
				FBBE702C206A9DEF001F3018 /* EmojiArtView+Gestures.swift in Sources */,
				FBBE702A20697C2E001F3018 /* EmojiCollectionViewCell.swift in Sources */,
				FBBE7026206590B3001F3018 /* EmojiArtTableViewController.swift in Sources */,
				11EF188D206C114700126D75 /* TextFieldCollectionViewCell.swift in Sources */,
				FBBE700B20644C93001F3018 /* AppDelegate.swift in Sources */,
				FBBE701E2064508B001F3018 /* EmojiArtViewController.swift in Sources */,
				FBBE7020206450D1001F3018 /* EmojiArtView.swift in Sources */,
			);
			runOnlyForDeploymentPostprocessing = 0;
		};
/* End PBXSourcesBuildPhase section */

/* Begin PBXVariantGroup section */
		FBBE700E20644C93001F3018 /* Main.storyboard */ = {
			isa = PBXVariantGroup;
			children = (
				FBBE700F20644C93001F3018 /* Base */,
			);
			name = Main.storyboard;
			sourceTree = "<group>";
		};
		FBBE701320644C93001F3018 /* LaunchScreen.storyboard */ = {
			isa = PBXVariantGroup;
			children = (
				FBBE701420644C93001F3018 /* Base */,
			);
			name = LaunchScreen.storyboard;
			sourceTree = "<group>";
		};
/* End PBXVariantGroup section */

/* Begin XCBuildConfiguration section */
		FBBE701720644C93001F3018 /* Debug */ = {
			isa = XCBuildConfiguration;
			buildSettings = {
				ALWAYS_SEARCH_USER_PATHS = NO;
				CLANG_ANALYZER_NONNULL = YES;
				CLANG_ANALYZER_NUMBER_OBJECT_CONVERSION = YES_AGGRESSIVE;
				CLANG_CXX_LANGUAGE_STANDARD = "gnu++14";
				CLANG_CXX_LIBRARY = "libc++";
				CLANG_ENABLE_MODULES = YES;
				CLANG_ENABLE_OBJC_ARC = YES;
				CLANG_WARN_BLOCK_CAPTURE_AUTORELEASING = YES;
				CLANG_WARN_BOOL_CONVERSION = YES;
				CLANG_WARN_COMMA = YES;
				CLANG_WARN_CONSTANT_CONVERSION = YES;
				CLANG_WARN_DIRECT_OBJC_ISA_USAGE = YES_ERROR;
				CLANG_WARN_DOCUMENTATION_COMMENTS = YES;
				CLANG_WARN_EMPTY_BODY = YES;
				CLANG_WARN_ENUM_CONVERSION = YES;
				CLANG_WARN_INFINITE_RECURSION = YES;
				CLANG_WARN_INT_CONVERSION = YES;
				CLANG_WARN_NON_LITERAL_NULL_CONVERSION = YES;
				CLANG_WARN_OBJC_LITERAL_CONVERSION = YES;
				CLANG_WARN_OBJC_ROOT_CLASS = YES_ERROR;
				CLANG_WARN_RANGE_LOOP_ANALYSIS = YES;
				CLANG_WARN_STRICT_PROTOTYPES = YES;
				CLANG_WARN_SUSPICIOUS_MOVE = YES;
				CLANG_WARN_UNGUARDED_AVAILABILITY = YES_AGGRESSIVE;
				CLANG_WARN_UNREACHABLE_CODE = YES;
				CLANG_WARN__DUPLICATE_METHOD_MATCH = YES;
				CODE_SIGN_IDENTITY = "iPhone Developer";
				COPY_PHASE_STRIP = NO;
				DEBUG_INFORMATION_FORMAT = dwarf;
				ENABLE_STRICT_OBJC_MSGSEND = YES;
				ENABLE_TESTABILITY = YES;
				GCC_C_LANGUAGE_STANDARD = gnu11;
				GCC_DYNAMIC_NO_PIC = NO;
				GCC_NO_COMMON_BLOCKS = YES;
				GCC_OPTIMIZATION_LEVEL = 0;
				GCC_PREPROCESSOR_DEFINITIONS = (
					"DEBUG=1",
					"$(inherited)",
				);
				GCC_WARN_64_TO_32_BIT_CONVERSION = YES;
				GCC_WARN_ABOUT_RETURN_TYPE = YES_ERROR;
				GCC_WARN_UNDECLARED_SELECTOR = YES;
				GCC_WARN_UNINITIALIZED_AUTOS = YES_AGGRESSIVE;
				GCC_WARN_UNUSED_FUNCTION = YES;
				GCC_WARN_UNUSED_VARIABLE = YES;
				IPHONEOS_DEPLOYMENT_TARGET = 11.2;
				MTL_ENABLE_DEBUG_INFO = YES;
				ONLY_ACTIVE_ARCH = YES;
				SDKROOT = iphoneos;
				SWIFT_ACTIVE_COMPILATION_CONDITIONS = DEBUG;
				SWIFT_OPTIMIZATION_LEVEL = "-Onone";
			};
			name = Debug;
		};
		FBBE701820644C93001F3018 /* Release */ = {
			isa = XCBuildConfiguration;
			buildSettings = {
				ALWAYS_SEARCH_USER_PATHS = NO;
				CLANG_ANALYZER_NONNULL = YES;
				CLANG_ANALYZER_NUMBER_OBJECT_CONVERSION = YES_AGGRESSIVE;
				CLANG_CXX_LANGUAGE_STANDARD = "gnu++14";
				CLANG_CXX_LIBRARY = "libc++";
				CLANG_ENABLE_MODULES = YES;
				CLANG_ENABLE_OBJC_ARC = YES;
				CLANG_WARN_BLOCK_CAPTURE_AUTORELEASING = YES;
				CLANG_WARN_BOOL_CONVERSION = YES;
				CLANG_WARN_COMMA = YES;
				CLANG_WARN_CONSTANT_CONVERSION = YES;
				CLANG_WARN_DIRECT_OBJC_ISA_USAGE = YES_ERROR;
				CLANG_WARN_DOCUMENTATION_COMMENTS = YES;
				CLANG_WARN_EMPTY_BODY = YES;
				CLANG_WARN_ENUM_CONVERSION = YES;
				CLANG_WARN_INFINITE_RECURSION = YES;
				CLANG_WARN_INT_CONVERSION = YES;
				CLANG_WARN_NON_LITERAL_NULL_CONVERSION = YES;
				CLANG_WARN_OBJC_LITERAL_CONVERSION = YES;
				CLANG_WARN_OBJC_ROOT_CLASS = YES_ERROR;
				CLANG_WARN_RANGE_LOOP_ANALYSIS = YES;
				CLANG_WARN_STRICT_PROTOTYPES = YES;
				CLANG_WARN_SUSPICIOUS_MOVE = YES;
				CLANG_WARN_UNGUARDED_AVAILABILITY = YES_AGGRESSIVE;
				CLANG_WARN_UNREACHABLE_CODE = YES;
				CLANG_WARN__DUPLICATE_METHOD_MATCH = YES;
				CODE_SIGN_IDENTITY = "iPhone Developer";
				COPY_PHASE_STRIP = NO;
				DEBUG_INFORMATION_FORMAT = "dwarf-with-dsym";
				ENABLE_NS_ASSERTIONS = NO;
				ENABLE_STRICT_OBJC_MSGSEND = YES;
				GCC_C_LANGUAGE_STANDARD = gnu11;
				GCC_NO_COMMON_BLOCKS = YES;
				GCC_WARN_64_TO_32_BIT_CONVERSION = YES;
				GCC_WARN_ABOUT_RETURN_TYPE = YES_ERROR;
				GCC_WARN_UNDECLARED_SELECTOR = YES;
				GCC_WARN_UNINITIALIZED_AUTOS = YES_AGGRESSIVE;
				GCC_WARN_UNUSED_FUNCTION = YES;
				GCC_WARN_UNUSED_VARIABLE = YES;
				IPHONEOS_DEPLOYMENT_TARGET = 11.2;
				MTL_ENABLE_DEBUG_INFO = NO;
				SDKROOT = iphoneos;
				SWIFT_OPTIMIZATION_LEVEL = "-Owholemodule";
				VALIDATE_PRODUCT = YES;
			};
			name = Release;
		};
		FBBE701A20644C93001F3018 /* Debug */ = {
			isa = XCBuildConfiguration;
			buildSettings = {
				ASSETCATALOG_COMPILER_APPICON_NAME = AppIcon;
				CODE_SIGN_STYLE = Automatic;
				DEVELOPMENT_TEAM = X763B5LW8Z;
				INFOPLIST_FILE = EmojiArt/Info.plist;
				LD_RUNPATH_SEARCH_PATHS = "$(inherited) @executable_path/Frameworks";
				PRODUCT_BUNDLE_IDENTIFIER = com.WandererRae.EmojiArt;
				PRODUCT_NAME = "$(TARGET_NAME)";
				SWIFT_VERSION = 4.0;
				TARGETED_DEVICE_FAMILY = "1,2";
			};
			name = Debug;
		};
		FBBE701B20644C93001F3018 /* Release */ = {
			isa = XCBuildConfiguration;
			buildSettings = {
				ASSETCATALOG_COMPILER_APPICON_NAME = AppIcon;
				CODE_SIGN_STYLE = Automatic;
				DEVELOPMENT_TEAM = X763B5LW8Z;
				INFOPLIST_FILE = EmojiArt/Info.plist;
				LD_RUNPATH_SEARCH_PATHS = "$(inherited) @executable_path/Frameworks";
				PRODUCT_BUNDLE_IDENTIFIER = com.WandererRae.EmojiArt;
				PRODUCT_NAME = "$(TARGET_NAME)";
				SWIFT_VERSION = 4.0;
				TARGETED_DEVICE_FAMILY = "1,2";
			};
			name = Release;
		};
/* End XCBuildConfiguration section */

/* Begin XCConfigurationList section */
		FBBE700220644C93001F3018 /* Build configuration list for PBXProject "EmojiArt" */ = {
			isa = XCConfigurationList;
			buildConfigurations = (
				FBBE701720644C93001F3018 /* Debug */,
				FBBE701820644C93001F3018 /* Release */,
			);
			defaultConfigurationIsVisible = 0;
			defaultConfigurationName = Release;
		};
		FBBE701920644C93001F3018 /* Build configuration list for PBXNativeTarget "EmojiArt" */ = {
			isa = XCConfigurationList;
			buildConfigurations = (
				FBBE701A20644C93001F3018 /* Debug */,
				FBBE701B20644C93001F3018 /* Release */,
			);
			defaultConfigurationIsVisible = 0;
			defaultConfigurationName = Release;
		};
/* End XCConfigurationList section */
	};
	rootObject = FBBE6FFF20644C93001F3018 /* Project object */;
}
